
Microsoft Visual Studio Solution File, Format Version 12.00
# Visual Studio 2013
VisualStudioVersion = 12.0.30723.0
MinimumVisualStudioVersion = 10.0.40219.1
Project("{FAE04EC0-301F-11D3-BF4B-00C04F79EFBC}") = "Marvin.HttpCache", "Marvin.HttpCache\Marvin.HttpCache.csproj", "{D50F741A-073D-4F0A-82FC-1AD07841F6EF}"
EndProject
Project("{FAE04EC0-301F-11D3-BF4B-00C04F79EFBC}") = "Marvin.HttpCache.Tests", "Marvin.HttpCache.Tests\Marvin.HttpCache.Tests.csproj", "{895A42D5-4E91-4FC4-8F88-4BE2737D8ED2}"
EndProject
Global
	GlobalSection(SolutionConfigurationPlatforms) = preSolution
		Debug|Any CPU = Debug|Any CPU
		Debug|ARM = Debug|ARM
		Debug|x86 = Debug|x86
		Release|Any CPU = Release|Any CPU
		Release|ARM = Release|ARM
		Release|x86 = Release|x86
	EndGlobalSection
	GlobalSection(ProjectConfigurationPlatforms) = postSolution
		{D50F741A-073D-4F0A-82FC-1AD07841F6EF}.Debug|Any CPU.ActiveCfg = Debug|Any CPU
		{D50F741A-073D-4F0A-82FC-1AD07841F6EF}.Debug|Any CPU.Build.0 = Debug|Any CPU
		{D50F741A-073D-4F0A-82FC-1AD07841F6EF}.Debug|ARM.ActiveCfg = Debug|Any CPU
		{D50F741A-073D-4F0A-82FC-1AD07841F6EF}.Debug|x86.ActiveCfg = Debug|Any CPU
		{D50F741A-073D-4F0A-82FC-1AD07841F6EF}.Release|Any CPU.ActiveCfg = Release|Any CPU
		{D50F741A-073D-4F0A-82FC-1AD07841F6EF}.Release|Any CPU.Build.0 = Release|Any CPU
		{D50F741A-073D-4F0A-82FC-1AD07841F6EF}.Release|ARM.ActiveCfg = Release|Any CPU
		{D50F741A-073D-4F0A-82FC-1AD07841F6EF}.Release|x86.ActiveCfg = Release|Any CPU
		{895A42D5-4E91-4FC4-8F88-4BE2737D8ED2}.Debug|Any CPU.ActiveCfg = Debug|Any CPU
		{895A42D5-4E91-4FC4-8F88-4BE2737D8ED2}.Debug|Any CPU.Build.0 = Debug|Any CPU
		{895A42D5-4E91-4FC4-8F88-4BE2737D8ED2}.Debug|ARM.ActiveCfg = Debug|Any CPU
		{895A42D5-4E91-4FC4-8F88-4BE2737D8ED2}.Debug|x86.ActiveCfg = Debug|Any CPU
		{895A42D5-4E91-4FC4-8F88-4BE2737D8ED2}.Release|Any CPU.ActiveCfg = Release|Any CPU
		{895A42D5-4E91-4FC4-8F88-4BE2737D8ED2}.Release|Any CPU.Build.0 = Release|Any CPU
		{895A42D5-4E91-4FC4-8F88-4BE2737D8ED2}.Release|ARM.ActiveCfg = Release|Any CPU
		{895A42D5-4E91-4FC4-8F88-4BE2737D8ED2}.Release|x86.ActiveCfg = Release|Any CPU
	EndGlobalSection
	GlobalSection(SolutionProperties) = preSolution
		HideSolutionNode = FALSE
	EndGlobalSection
EndGlobal
